// !$*UTF8*$!
{
	archiveVersion = 1;
	classes = {
	};
	objectVersion = 50;
	objects = {

/* Begin PBXBuildFile section */
		503970D6255BB91900310755 /* AppDelegate.swift in Sources */ = {isa = PBXBuildFile; fileRef = 503970D5255BB91900310755 /* AppDelegate.swift */; };
		503970D8255BB91900310755 /* SceneDelegate.swift in Sources */ = {isa = PBXBuildFile; fileRef = 503970D7255BB91900310755 /* SceneDelegate.swift */; };
		503970DA255BB91900310755 /* ViewController.swift in Sources */ = {isa = PBXBuildFile; fileRef = 503970D9255BB91900310755 /* ViewController.swift */; };
		503970DD255BB91900310755 /* Main.storyboard in Resources */ = {isa = PBXBuildFile; fileRef = 503970DB255BB91900310755 /* Main.storyboard */; };
		503970DF255BB91A00310755 /* Assets.xcassets in Resources */ = {isa = PBXBuildFile; fileRef = 503970DE255BB91A00310755 /* Assets.xcassets */; };
		503970E2255BB91A00310755 /* LaunchScreen.storyboard in Resources */ = {isa = PBXBuildFile; fileRef = 503970E0255BB91A00310755 /* LaunchScreen.storyboard */; };
		503970EB255BB95200310755 /* CollectionCell.swift in Sources */ = {isa = PBXBuildFile; fileRef = 503970E9255BB95200310755 /* CollectionCell.swift */; };
		503970EC255BB95200310755 /* CollectionCell.xib in Resources */ = {isa = PBXBuildFile; fileRef = 503970EA255BB95200310755 /* CollectionCell.xib */; };
/* End PBXBuildFile section */

/* Begin PBXFileReference section */
		503970D2255BB91900310755 /* AlignedCollectionViewFlowLayout.app */ = {isa = PBXFileReference; explicitFileType = wrapper.application; includeInIndex = 0; path = AlignedCollectionViewFlowLayout.app; sourceTree = BUILT_PRODUCTS_DIR; };
		503970D5255BB91900310755 /* AppDelegate.swift */ = {isa = PBXFileReference; lastKnownFileType = sourcecode.swift; path = AppDelegate.swift; sourceTree = "<group>"; };
		503970D7255BB91900310755 /* SceneDelegate.swift */ = {isa = PBXFileReference; lastKnownFileType = sourcecode.swift; path = SceneDelegate.swift; sourceTree = "<group>"; };
		503970D9255BB91900310755 /* ViewController.swift */ = {isa = PBXFileReference; lastKnownFileType = sourcecode.swift; path = ViewController.swift; sourceTree = "<group>"; };
		503970DC255BB91900310755 /* Base */ = {isa = PBXFileReference; lastKnownFileType = file.storyboard; name = Base; path = Base.lproj/Main.storyboard; sourceTree = "<group>"; };
		503970DE255BB91A00310755 /* Assets.xcassets */ = {isa = PBXFileReference; lastKnownFileType = folder.assetcatalog; path = Assets.xcassets; sourceTree = "<group>"; };
		503970E1255BB91A00310755 /* Base */ = {isa = PBXFileReference; lastKnownFileType = file.storyboard; name = Base; path = Base.lproj/LaunchScreen.storyboard; sourceTree = "<group>"; };
		503970E3255BB91A00310755 /* Info.plist */ = {isa = PBXFileReference; lastKnownFileType = text.plist.xml; path = Info.plist; sourceTree = "<group>"; };
		503970E9255BB95200310755 /* CollectionCell.swift */ = {isa = PBXFileReference; fileEncoding = 4; lastKnownFileType = sourcecode.swift; path = CollectionCell.swift; sourceTree = "<group>"; };
		503970EA255BB95200310755 /* CollectionCell.xib */ = {isa = PBXFileReference; fileEncoding = 4; lastKnownFileType = file.xib; path = CollectionCell.xib; sourceTree = "<group>"; };
/* End PBXFileReference section */

/* Begin PBXFrameworksBuildPhase section */
		503970CF255BB91900310755 /* Frameworks */ = {
			isa = PBXFrameworksBuildPhase;
			buildActionMask = 2147483647;
			files = (
			);
			runOnlyForDeploymentPostprocessing = 0;
		};
/* End PBXFrameworksBuildPhase section */

/* Begin PBXGroup section */
		503970C9255BB91900310755 = {
			isa = PBXGroup;
			children = (
				503970D4255BB91900310755 /* AlignedCollectionViewFlowLayout */,
				503970D3255BB91900310755 /* Products */,
			);
			sourceTree = "<group>";
		};
		503970D3255BB91900310755 /* Products */ = {
			isa = PBXGroup;
			children = (
				503970D2255BB91900310755 /* AlignedCollectionViewFlowLayout.app */,
			);
			name = Products;
			sourceTree = "<group>";
		};
		503970D4255BB91900310755 /* AlignedCollectionViewFlowLayout */ = {
			isa = PBXGroup;
			children = (
				503970D5255BB91900310755 /* AppDelegate.swift */,
				503970D7255BB91900310755 /* SceneDelegate.swift */,
				503970D9255BB91900310755 /* ViewController.swift */,
				503970E9255BB95200310755 /* CollectionCell.swift */,
				503970EA255BB95200310755 /* CollectionCell.xib */,
				503970DB255BB91900310755 /* Main.storyboard */,
				503970DE255BB91A00310755 /* Assets.xcassets */,
				503970E0255BB91A00310755 /* LaunchScreen.storyboard */,
				503970E3255BB91A00310755 /* Info.plist */,
			);
			path = AlignedCollectionViewFlowLayout;
			sourceTree = "<group>";
		};
/* End PBXGroup section */

/* Begin PBXNativeTarget section */
		503970D1255BB91900310755 /* AlignedCollectionViewFlowLayout */ = {
			isa = PBXNativeTarget;
			buildConfigurationList = 503970E6255BB91A00310755 /* Build configuration list for PBXNativeTarget "AlignedCollectionViewFlowLayout" */;
			buildPhases = (
				503970CE255BB91900310755 /* Sources */,
				503970CF255BB91900310755 /* Frameworks */,
				503970D0255BB91900310755 /* Resources */,
			);
			buildRules = (
			);
			dependencies = (
			);
			name = AlignedCollectionViewFlowLayout;
			productName = AlignedCollectionViewFlowLayout;
			productReference = 503970D2255BB91900310755 /* AlignedCollectionViewFlowLayout.app */;
			productType = "com.apple.product-type.application";
		};
/* End PBXNativeTarget section */

/* Begin PBXProject section */
		503970CA255BB91900310755 /* Project object */ = {
			isa = PBXProject;
			attributes = {
				LastSwiftUpdateCheck = 1170;
				LastUpgradeCheck = 1170;
				ORGANIZATIONNAME = "Chang-Hoon Han";
				TargetAttributes = {
					503970D1255BB91900310755 = {
						CreatedOnToolsVersion = 11.7;
					};
				};
			};
			buildConfigurationList = 503970CD255BB91900310755 /* Build configuration list for PBXProject "AlignedCollectionViewFlowLayout" */;
			compatibilityVersion = "Xcode 9.3";
			developmentRegion = en;
			hasScannedForEncodings = 0;
			knownRegions = (
				en,
				Base,
			);
			mainGroup = 503970C9255BB91900310755;
			productRefGroup = 503970D3255BB91900310755 /* Products */;
			projectDirPath = "";
			projectRoot = "";
			targets = (
				503970D1255BB91900310755 /* AlignedCollectionViewFlowLayout */,
			);
		};
/* End PBXProject section */

/* Begin PBXResourcesBuildPhase section */
		503970D0255BB91900310755 /* Resources */ = {
			isa = PBXResourcesBuildPhase;
			buildActionMask = 2147483647;
			files = (
				503970E2255BB91A00310755 /* LaunchScreen.storyboard in Resources */,
				503970DF255BB91A00310755 /* Assets.xcassets in Resources */,
				503970DD255BB91900310755 /* Main.storyboard in Resources */,
				503970EC255BB95200310755 /* CollectionCell.xib in Resources */,
			);
			runOnlyForDeploymentPostprocessing = 0;
		};
/* End PBXResourcesBuildPhase section */

/* Begin PBXSourcesBuildPhase section */
		503970CE255BB91900310755 /* Sources */ = {
			isa = PBXSourcesBuildPhase;
			buildActionMask = 2147483647;
			files = (
				503970DA255BB91900310755 /* ViewController.swift in Sources */,
				503970D6255BB91900310755 /* AppDelegate.swift in Sources */,
				503970D8255BB91900310755 /* SceneDelegate.swift in Sources */,
				503970EB255BB95200310755 /* CollectionCell.swift in Sources */,
			);
			runOnlyForDeploymentPostprocessing = 0;
		};
/* End PBXSourcesBuildPhase section */

/* Begin PBXVariantGroup section */
		503970DB255BB91900310755 /* Main.storyboard */ = {
			isa = PBXVariantGroup;
			children = (
				503970DC255BB91900310755 /* Base */,
			);
			name = Main.storyboard;
			sourceTree = "<group>";
		};
		503970E0255BB91A00310755 /* LaunchScreen.storyboard */ = {
			isa = PBXVariantGroup;
			children = (
				503970E1255BB91A00310755 /* Base */,
			);
			name = LaunchScreen.storyboard;
			sourceTree = "<group>";
		};
/* End PBXVariantGroup section */

/* Begin XCBuildConfiguration section */
		503970E4255BB91A00310755 /* Debug */ = {
			isa = XCBuildConfiguration;
			buildSettings = {
				ALWAYS_SEARCH_USER_PATHS = NO;
				CLANG_ANALYZER_NONNULL = YES;
				CLANG_ANALYZER_NUMBER_OBJECT_CONVERSION = YES_AGGRESSIVE;
				CLANG_CXX_LANGUAGE_STANDARD = "gnu++14";
				CLANG_CXX_LIBRARY = "libc++";
				CLANG_ENABLE_MODULES = YES;
				CLANG_ENABLE_OBJC_ARC = YES;
				CLANG_ENABLE_OBJC_WEAK = YES;
				CLANG_WARN_BLOCK_CAPTURE_AUTORELEASING = YES;
				CLANG_WARN_BOOL_CONVERSION = YES;
				CLANG_WARN_COMMA = YES;
				CLANG_WARN_CONSTANT_CONVERSION = YES;
				CLANG_WARN_DEPRECATED_OBJC_IMPLEMENTATIONS = YES;
				CLANG_WARN_DIRECT_OBJC_ISA_USAGE = YES_ERROR;
				CLANG_WARN_DOCUMENTATION_COMMENTS = YES;
				CLANG_WARN_EMPTY_BODY = YES;
				CLANG_WARN_ENUM_CONVERSION = YES;
				CLANG_WARN_INFINITE_RECURSION = YES;
				CLANG_WARN_INT_CONVERSION = YES;
				CLANG_WARN_NON_LITERAL_NULL_CONVERSION = YES;
				CLANG_WARN_OBJC_IMPLICIT_RETAIN_SELF = YES;
				CLANG_WARN_OBJC_LITERAL_CONVERSION = YES;
				CLANG_WARN_OBJC_ROOT_CLASS = YES_ERROR;
				CLANG_WARN_RANGE_LOOP_ANALYSIS = YES;
				CLANG_WARN_STRICT_PROTOTYPES = YES;
				CLANG_WARN_SUSPICIOUS_MOVE = YES;
				CLANG_WARN_UNGUARDED_AVAILABILITY = YES_AGGRESSIVE;
				CLANG_WARN_UNREACHABLE_CODE = YES;
				CLANG_WARN__DUPLICATE_METHOD_MATCH = YES;
				COPY_PHASE_STRIP = NO;
				DEBUG_INFORMATION_FORMAT = dwarf;
				ENABLE_STRICT_OBJC_MSGSEND = YES;
				ENABLE_TESTABILITY = YES;
				GCC_C_LANGUAGE_STANDARD = gnu11;
				GCC_DYNAMIC_NO_PIC = NO;
				GCC_NO_COMMON_BLOCKS = YES;
				GCC_OPTIMIZATION_LEVEL = 0;
				GCC_PREPROCESSOR_DEFINITIONS = (
					"DEBUG=1",
					"$(inherited)",
				);
				GCC_WARN_64_TO_32_BIT_CONVERSION = YES;
				GCC_WARN_ABOUT_RETURN_TYPE = YES_ERROR;
				GCC_WARN_UNDECLARED_SELECTOR = YES;
				GCC_WARN_UNINITIALIZED_AUTOS = YES_AGGRESSIVE;
				GCC_WARN_UNUSED_FUNCTION = YES;
				GCC_WARN_UNUSED_VARIABLE = YES;
				IPHONEOS_DEPLOYMENT_TARGET = 13.7;
				MTL_ENABLE_DEBUG_INFO = INCLUDE_SOURCE;
				MTL_FAST_MATH = YES;
				ONLY_ACTIVE_ARCH = YES;
				SDKROOT = iphoneos;
				SWIFT_ACTIVE_COMPILATION_CONDITIONS = DEBUG;
				SWIFT_OPTIMIZATION_LEVEL = "-Onone";
			};
			name = Debug;
		};
		503970E5255BB91A00310755 /* Release */ = {
			isa = XCBuildConfiguration;
			buildSettings = {
				ALWAYS_SEARCH_USER_PATHS = NO;
				CLANG_ANALYZER_NONNULL = YES;
				CLANG_ANALYZER_NUMBER_OBJECT_CONVERSION = YES_AGGRESSIVE;
				CLANG_CXX_LANGUAGE_STANDARD = "gnu++14";
				CLANG_CXX_LIBRARY = "libc++";
				CLANG_ENABLE_MODULES = YES;
				CLANG_ENABLE_OBJC_ARC = YES;
				CLANG_ENABLE_OBJC_WEAK = YES;
				CLANG_WARN_BLOCK_CAPTURE_AUTORELEASING = YES;
				CLANG_WARN_BOOL_CONVERSION = YES;
				CLANG_WARN_COMMA = YES;
				CLANG_WARN_CONSTANT_CONVERSION = YES;
				CLANG_WARN_DEPRECATED_OBJC_IMPLEMENTATIONS = YES;
				CLANG_WARN_DIRECT_OBJC_ISA_USAGE = YES_ERROR;
				CLANG_WARN_DOCUMENTATION_COMMENTS = YES;
				CLANG_WARN_EMPTY_BODY = YES;
				CLANG_WARN_ENUM_CONVERSION = YES;
				CLANG_WARN_INFINITE_RECURSION = YES;
				CLANG_WARN_INT_CONVERSION = YES;
				CLANG_WARN_NON_LITERAL_NULL_CONVERSION = YES;
				CLANG_WARN_OBJC_IMPLICIT_RETAIN_SELF = YES;
				CLANG_WARN_OBJC_LITERAL_CONVERSION = YES;
				CLANG_WARN_OBJC_ROOT_CLASS = YES_ERROR;
				CLANG_WARN_RANGE_LOOP_ANALYSIS = YES;
				CLANG_WARN_STRICT_PROTOTYPES = YES;
				CLANG_WARN_SUSPICIOUS_MOVE = YES;
				CLANG_WARN_UNGUARDED_AVAILABILITY = YES_AGGRESSIVE;
				CLANG_WARN_UNREACHABLE_CODE = YES;
				CLANG_WARN__DUPLICATE_METHOD_MATCH = YES;
				COPY_PHASE_STRIP = NO;
				DEBUG_INFORMATION_FORMAT = "dwarf-with-dsym";
				ENABLE_NS_ASSERTIONS = NO;
				ENABLE_STRICT_OBJC_MSGSEND = YES;
				GCC_C_LANGUAGE_STANDARD = gnu11;
				GCC_NO_COMMON_BLOCKS = YES;
				GCC_WARN_64_TO_32_BIT_CONVERSION = YES;
				GCC_WARN_ABOUT_RETURN_TYPE = YES_ERROR;
				GCC_WARN_UNDECLARED_SELECTOR = YES;
				GCC_WARN_UNINITIALIZED_AUTOS = YES_AGGRESSIVE;
				GCC_WARN_UNUSED_FUNCTION = YES;
				GCC_WARN_UNUSED_VARIABLE = YES;
				IPHONEOS_DEPLOYMENT_TARGET = 13.7;
				MTL_ENABLE_DEBUG_INFO = NO;
				MTL_FAST_MATH = YES;
				SDKROOT = iphoneos;
				SWIFT_COMPILATION_MODE = wholemodule;
				SWIFT_OPTIMIZATION_LEVEL = "-O";
				VALIDATE_PRODUCT = YES;
			};
			name = Release;
		};
		503970E7255BB91A00310755 /* Debug */ = {
			isa = XCBuildConfiguration;
			buildSettings = {
				ASSETCATALOG_COMPILER_APPICON_NAME = AppIcon;
				CODE_SIGN_STYLE = Automatic;
				DEVELOPMENT_TEAM = Z23BYHYQ5D;
				INFOPLIST_FILE = AlignedCollectionViewFlowLayout/Info.plist;
				IPHONEOS_DEPLOYMENT_TARGET = 11.0;
				LD_RUNPATH_SEARCH_PATHS = (
					"$(inherited)",
					"@executable_path/Frameworks",
				);
				PRODUCT_BUNDLE_IDENTIFIER = com.aligned.collection.view.flow.layout.AlignedCollectionViewFlowLayout;
				PRODUCT_NAME = "$(TARGET_NAME)";
				SWIFT_VERSION = 5.0;
				TARGETED_DEVICE_FAMILY = "1,2";
			};
			name = Debug;
		};
		503970E8255BB91A00310755 /* Release */ = {
			isa = XCBuildConfiguration;
			buildSettings = {
				ASSETCATALOG_COMPILER_APPICON_NAME = AppIcon;
				CODE_SIGN_STYLE = Automatic;
				DEVELOPMENT_TEAM = Z23BYHYQ5D;
				INFOPLIST_FILE = AlignedCollectionViewFlowLayout/Info.plist;
				IPHONEOS_DEPLOYMENT_TARGET = 11.0;
				LD_RUNPATH_SEARCH_PATHS = (
					"$(inherited)",
					"@executable_path/Frameworks",
				);
				PRODUCT_BUNDLE_IDENTIFIER = com.aligned.collection.view.flow.layout.AlignedCollectionViewFlowLayout;
				PRODUCT_NAME = "$(TARGET_NAME)";
				SWIFT_VERSION = 5.0;
				TARGETED_DEVICE_FAMILY = "1,2";
			};
			name = Release;
		};
/* End XCBuildConfiguration section */

/* Begin XCConfigurationList section */
		503970CD255BB91900310755 /* Build configuration list for PBXProject "AlignedCollectionViewFlowLayout" */ = {
			isa = XCConfigurationList;
			buildConfigurations = (
				503970E4255BB91A00310755 /* Debug */,
				503970E5255BB91A00310755 /* Release */,
			);
			defaultConfigurationIsVisible = 0;
			defaultConfigurationName = Release;
		};
		503970E6255BB91A00310755 /* Build configuration list for PBXNativeTarget "AlignedCollectionViewFlowLayout" */ = {
			isa = XCConfigurationList;
			buildConfigurations = (
				503970E7255BB91A00310755 /* Debug */,
				503970E8255BB91A00310755 /* Release */,
			);
			defaultConfigurationIsVisible = 0;
			defaultConfigurationName = Release;
		};
/* End XCConfigurationList section */
	};
	rootObject = 503970CA255BB91900310755 /* Project object */;
}
